
Microsoft Visual Studio Solution File, Format Version 12.00
# Visual Studio Version 17
VisualStudioVersion = 17.3.32901.215
MinimumVisualStudioVersion = 10.0.40219.1
Project("{FAE04EC0-301F-11D3-BF4B-00C04F79EFBC}") = "hayvanlar", "hayvanlar\hayvanlar.csproj", "{F8B69B3E-57F9-4F4D-AFE5-16938176E4A3}"
EndProject
Global
	GlobalSection(SolutionConfigurationPlatforms) = preSolution
		Debug|Any CPU = Debug|Any CPU
		Release|Any CPU = Release|Any CPU
	EndGlobalSection
	GlobalSection(ProjectConfigurationPlatforms) = postSolution
		{F8B69B3E-57F9-4F4D-AFE5-16938176E4A3}.Debug|Any CPU.ActiveCfg = Debug|Any CPU
		{F8B69B3E-57F9-4F4D-AFE5-16938176E4A3}.Debug|Any CPU.Build.0 = Debug|Any CPU
		{F8B69B3E-57F9-4F4D-AFE5-16938176E4A3}.Release|Any CPU.ActiveCfg = Release|Any CPU
		{F8B69B3E-57F9-4F4D-AFE5-16938176E4A3}.Release|Any CPU.Build.0 = Release|Any CPU
	EndGlobalSection
	GlobalSection(SolutionProperties) = preSolution
		HideSolutionNode = FALSE
	EndGlobalSection
	GlobalSection(ExtensibilityGlobals) = postSolution
		SolutionGuid = {500ED772-B1B0-4346-909D-E5F2D3A1DBFB}
	EndGlobalSection
EndGlobal
